
Microsoft Visual Studio Solution File, Format Version 12.00
# Visual Studio 15
VisualStudioVersion = 15.0.28307.1145
MinimumVisualStudioVersion = 10.0.40219.1
Project("{FAE04EC0-301F-11D3-BF4B-00C04F79EFBC}") = "InventoryManagement", "InventoryManagement\InventoryManagement.csproj", "{241AF288-CC82-4D28-9AF3-1F847F8A724A}"
EndProject
Project("{2150E333-8FDC-42A3-9474-1A3956D46DE8}") = "InventoryWebAPI", "InventoryWebAPI", "{63A1484B-55C0-48E8-A264-079A439351CD}"
EndProject
Project("{2150E333-8FDC-42A3-9474-1A3956D46DE8}") = "BuisnessLayer", "BuisnessLayer", "{FEA8FFF8-F9D8-4600-843F-8086C0158CF7}"
EndProject
Project("{2150E333-8FDC-42A3-9474-1A3956D46DE8}") = "DataLayer", "DataLayer", "{310886F3-5920-48C8-94FE-AF5866CC7057}"
EndProject
Project("{2150E333-8FDC-42A3-9474-1A3956D46DE8}") = "IBuisnessLayer", "IBuisnessLayer", "{37C57E86-AC97-4543-8B99-1D51566BD493}"
EndProject
Project("{2150E333-8FDC-42A3-9474-1A3956D46DE8}") = "IDataLayer", "IDataLayer", "{10C25CF9-4C7D-487B-9801-EBC10440E70E}"
EndProject
Project("{2150E333-8FDC-42A3-9474-1A3956D46DE8}") = "Common", "Common", "{C9BCB69F-9D7F-42D1-8793-BE7F32987481}"
EndProject
Project("{FAE04EC0-301F-11D3-BF4B-00C04F79EFBC}") = "InventoryAPI", "InventoryAPI\InventoryAPI.csproj", "{972A092D-DD6E-4BEA-A996-4B1ED6E8590E}"
EndProject
Project("{FAE04EC0-301F-11D3-BF4B-00C04F79EFBC}") = "InventoryBL", "InventoryBL\InventoryBL.csproj", "{D83AEE34-ACB2-47E6-BE6E-42AA9B6DBB91}"
EndProject
Project("{FAE04EC0-301F-11D3-BF4B-00C04F79EFBC}") = "InventoryDL", "InventoryDL\InventoryDL.csproj", "{62B43415-6CFC-4170-BDA4-B116F7177F69}"
EndProject
Project("{FAE04EC0-301F-11D3-BF4B-00C04F79EFBC}") = "CommonDLLs", "CommonDLLs\CommonDLLs.csproj", "{9C7819BA-79A0-4B3E-B5E6-42897CC6B347}"
EndProject
Project("{FAE04EC0-301F-11D3-BF4B-00C04F79EFBC}") = "InventoryIBL", "InventoryIBL\InventoryIBL.csproj", "{F9F056D6-7649-4CA3-8238-011701EDDDDF}"
EndProject
Project("{FAE04EC0-301F-11D3-BF4B-00C04F79EFBC}") = "InventoryIDL", "InventoryIDL\InventoryIDL.csproj", "{339CC554-2A26-4C24-ADDB-EB085EB573A5}"
EndProject
Project("{FAE04EC0-301F-11D3-BF4B-00C04F79EFBC}") = "DatabaseScripts", "DatabaseScripts\DatabaseScripts.csproj", "{E409B2F6-2D41-453F-B70F-A38F776652F6}"
EndProject
Global
	GlobalSection(SolutionConfigurationPlatforms) = preSolution
		Debug|Any CPU = Debug|Any CPU
		Release|Any CPU = Release|Any CPU
	EndGlobalSection
	GlobalSection(ProjectConfigurationPlatforms) = postSolution
		{241AF288-CC82-4D28-9AF3-1F847F8A724A}.Debug|Any CPU.ActiveCfg = Debug|Any CPU
		{241AF288-CC82-4D28-9AF3-1F847F8A724A}.Debug|Any CPU.Build.0 = Debug|Any CPU
		{241AF288-CC82-4D28-9AF3-1F847F8A724A}.Release|Any CPU.ActiveCfg = Release|Any CPU
		{241AF288-CC82-4D28-9AF3-1F847F8A724A}.Release|Any CPU.Build.0 = Release|Any CPU
		{972A092D-DD6E-4BEA-A996-4B1ED6E8590E}.Debug|Any CPU.ActiveCfg = Debug|Any CPU
		{972A092D-DD6E-4BEA-A996-4B1ED6E8590E}.Debug|Any CPU.Build.0 = Debug|Any CPU
		{972A092D-DD6E-4BEA-A996-4B1ED6E8590E}.Release|Any CPU.ActiveCfg = Release|Any CPU
		{972A092D-DD6E-4BEA-A996-4B1ED6E8590E}.Release|Any CPU.Build.0 = Release|Any CPU
		{D83AEE34-ACB2-47E6-BE6E-42AA9B6DBB91}.Debug|Any CPU.ActiveCfg = Debug|Any CPU
		{D83AEE34-ACB2-47E6-BE6E-42AA9B6DBB91}.Debug|Any CPU.Build.0 = Debug|Any CPU
		{D83AEE34-ACB2-47E6-BE6E-42AA9B6DBB91}.Release|Any CPU.ActiveCfg = Release|Any CPU
		{D83AEE34-ACB2-47E6-BE6E-42AA9B6DBB91}.Release|Any CPU.Build.0 = Release|Any CPU
		{62B43415-6CFC-4170-BDA4-B116F7177F69}.Debug|Any CPU.ActiveCfg = Debug|Any CPU
		{62B43415-6CFC-4170-BDA4-B116F7177F69}.Debug|Any CPU.Build.0 = Debug|Any CPU
		{62B43415-6CFC-4170-BDA4-B116F7177F69}.Release|Any CPU.ActiveCfg = Release|Any CPU
		{62B43415-6CFC-4170-BDA4-B116F7177F69}.Release|Any CPU.Build.0 = Release|Any CPU
		{9C7819BA-79A0-4B3E-B5E6-42897CC6B347}.Debug|Any CPU.ActiveCfg = Debug|Any CPU
		{9C7819BA-79A0-4B3E-B5E6-42897CC6B347}.Debug|Any CPU.Build.0 = Debug|Any CPU
		{9C7819BA-79A0-4B3E-B5E6-42897CC6B347}.Release|Any CPU.ActiveCfg = Release|Any CPU
		{9C7819BA-79A0-4B3E-B5E6-42897CC6B347}.Release|Any CPU.Build.0 = Release|Any CPU
		{F9F056D6-7649-4CA3-8238-011701EDDDDF}.Debug|Any CPU.ActiveCfg = Debug|Any CPU
		{F9F056D6-7649-4CA3-8238-011701EDDDDF}.Debug|Any CPU.Build.0 = Debug|Any CPU
		{F9F056D6-7649-4CA3-8238-011701EDDDDF}.Release|Any CPU.ActiveCfg = Release|Any CPU
		{F9F056D6-7649-4CA3-8238-011701EDDDDF}.Release|Any CPU.Build.0 = Release|Any CPU
		{339CC554-2A26-4C24-ADDB-EB085EB573A5}.Debug|Any CPU.ActiveCfg = Debug|Any CPU
		{339CC554-2A26-4C24-ADDB-EB085EB573A5}.Debug|Any CPU.Build.0 = Debug|Any CPU
		{339CC554-2A26-4C24-ADDB-EB085EB573A5}.Release|Any CPU.ActiveCfg = Release|Any CPU
		{339CC554-2A26-4C24-ADDB-EB085EB573A5}.Release|Any CPU.Build.0 = Release|Any CPU
		{E409B2F6-2D41-453F-B70F-A38F776652F6}.Debug|Any CPU.ActiveCfg = Debug|Any CPU
		{E409B2F6-2D41-453F-B70F-A38F776652F6}.Debug|Any CPU.Build.0 = Debug|Any CPU
		{E409B2F6-2D41-453F-B70F-A38F776652F6}.Release|Any CPU.ActiveCfg = Release|Any CPU
		{E409B2F6-2D41-453F-B70F-A38F776652F6}.Release|Any CPU.Build.0 = Release|Any CPU
	EndGlobalSection
	GlobalSection(SolutionProperties) = preSolution
		HideSolutionNode = FALSE
	EndGlobalSection
	GlobalSection(NestedProjects) = preSolution
		{FEA8FFF8-F9D8-4600-843F-8086C0158CF7} = {63A1484B-55C0-48E8-A264-079A439351CD}
		{310886F3-5920-48C8-94FE-AF5866CC7057} = {63A1484B-55C0-48E8-A264-079A439351CD}
		{37C57E86-AC97-4543-8B99-1D51566BD493} = {63A1484B-55C0-48E8-A264-079A439351CD}
		{10C25CF9-4C7D-487B-9801-EBC10440E70E} = {63A1484B-55C0-48E8-A264-079A439351CD}
		{C9BCB69F-9D7F-42D1-8793-BE7F32987481} = {63A1484B-55C0-48E8-A264-079A439351CD}
		{972A092D-DD6E-4BEA-A996-4B1ED6E8590E} = {63A1484B-55C0-48E8-A264-079A439351CD}
		{D83AEE34-ACB2-47E6-BE6E-42AA9B6DBB91} = {FEA8FFF8-F9D8-4600-843F-8086C0158CF7}
		{62B43415-6CFC-4170-BDA4-B116F7177F69} = {310886F3-5920-48C8-94FE-AF5866CC7057}
		{9C7819BA-79A0-4B3E-B5E6-42897CC6B347} = {C9BCB69F-9D7F-42D1-8793-BE7F32987481}
		{F9F056D6-7649-4CA3-8238-011701EDDDDF} = {37C57E86-AC97-4543-8B99-1D51566BD493}
		{339CC554-2A26-4C24-ADDB-EB085EB573A5} = {10C25CF9-4C7D-487B-9801-EBC10440E70E}
	EndGlobalSection
	GlobalSection(ExtensibilityGlobals) = postSolution
		SolutionGuid = {A4C2C4E6-A896-49E1-BA25-3EEB0E2A3580}
	EndGlobalSection
EndGlobal
